
Microsoft Visual Studio Solution File, Format Version 12.00
Project("{2150E333-8FDC-42A3-9474-1A3956D46DE8}") = "Core", "Core", "{CCCD06B6-30A1-4BAD-BB4A-ECD0FCC5254E}"
EndProject
Project("{2150E333-8FDC-42A3-9474-1A3956D46DE8}") = "Frontend", "Frontend", "{62AE6C64-2876-4749-AD14-A0434C926516}"
EndProject
Project("{2150E333-8FDC-42A3-9474-1A3956D46DE8}") = "Presentation", "Presentation", "{553CA0E3-0F3E-4FC4-A373-BF48E0707DB6}"
EndProject
Project("{2150E333-8FDC-42A3-9474-1A3956D46DE8}") = "Infrastructure", "Infrastructure", "{A99D6AD4-5875-4183-80E2-41853A09C9FF}"
EndProject
Project("{FAE04EC0-301F-11D3-BF4B-00C04F79EFBC}") = "JobEntry.Application", "Core\JobEntry.Application\JobEntry.Application.csproj", "{42798D97-6C27-481F-B329-4500DF2EE546}"
EndProject
Project("{FAE04EC0-301F-11D3-BF4B-00C04F79EFBC}") = "JobEntry.Domain", "Core\JobEntry.Domain\JobEntry.Domain.csproj", "{A0E3610C-660F-4752-BF3C-0DB25BA7F0E0}"
EndProject
Project("{FAE04EC0-301F-11D3-BF4B-00C04F79EFBC}") = "JobEntry.Frontend", "Frontend\JobEntry.Frontend\JobEntry.Frontend.csproj", "{284FF341-06B8-4ED2-8B70-6DA439CB2C78}"
EndProject
Project("{FAE04EC0-301F-11D3-BF4B-00C04F79EFBC}") = "JobEntry.WebAPI", "Presentation\JobEntry.WebAPI\JobEntry.WebAPI.csproj", "{02817328-A2AB-4414-9D26-DB0504DC82C4}"
EndProject
Project("{FAE04EC0-301F-11D3-BF4B-00C04F79EFBC}") = "JobEntry.DTO", "Frontend\JobEntry.DTO\JobEntry.DTO.csproj", "{947C366F-B27D-40C7-8BF6-EAEC8F155C40}"
EndProject
Project("{FAE04EC0-301F-11D3-BF4B-00C04F79EFBC}") = "JobEntry.Persistance", "Infrastructure\JobEntry.Persistance\JobEntry.Persistance.csproj", "{11610CA4-02BF-49AD-9C3D-80DA5F2C39C8}"
EndProject
Global
	GlobalSection(SolutionConfigurationPlatforms) = preSolution
		Debug|Any CPU = Debug|Any CPU
		Release|Any CPU = Release|Any CPU
	EndGlobalSection
	GlobalSection(ProjectConfigurationPlatforms) = postSolution
		{42798D97-6C27-481F-B329-4500DF2EE546}.Debug|Any CPU.ActiveCfg = Debug|Any CPU
		{42798D97-6C27-481F-B329-4500DF2EE546}.Debug|Any CPU.Build.0 = Debug|Any CPU
		{42798D97-6C27-481F-B329-4500DF2EE546}.Release|Any CPU.ActiveCfg = Release|Any CPU
		{42798D97-6C27-481F-B329-4500DF2EE546}.Release|Any CPU.Build.0 = Release|Any CPU
		{A0E3610C-660F-4752-BF3C-0DB25BA7F0E0}.Debug|Any CPU.ActiveCfg = Debug|Any CPU
		{A0E3610C-660F-4752-BF3C-0DB25BA7F0E0}.Debug|Any CPU.Build.0 = Debug|Any CPU
		{A0E3610C-660F-4752-BF3C-0DB25BA7F0E0}.Release|Any CPU.ActiveCfg = Release|Any CPU
		{A0E3610C-660F-4752-BF3C-0DB25BA7F0E0}.Release|Any CPU.Build.0 = Release|Any CPU
		{284FF341-06B8-4ED2-8B70-6DA439CB2C78}.Debug|Any CPU.ActiveCfg = Debug|Any CPU
		{284FF341-06B8-4ED2-8B70-6DA439CB2C78}.Debug|Any CPU.Build.0 = Debug|Any CPU
		{284FF341-06B8-4ED2-8B70-6DA439CB2C78}.Release|Any CPU.ActiveCfg = Release|Any CPU
		{284FF341-06B8-4ED2-8B70-6DA439CB2C78}.Release|Any CPU.Build.0 = Release|Any CPU
		{02817328-A2AB-4414-9D26-DB0504DC82C4}.Debug|Any CPU.ActiveCfg = Debug|Any CPU
		{02817328-A2AB-4414-9D26-DB0504DC82C4}.Debug|Any CPU.Build.0 = Debug|Any CPU
		{02817328-A2AB-4414-9D26-DB0504DC82C4}.Release|Any CPU.ActiveCfg = Release|Any CPU
		{02817328-A2AB-4414-9D26-DB0504DC82C4}.Release|Any CPU.Build.0 = Release|Any CPU
		{947C366F-B27D-40C7-8BF6-EAEC8F155C40}.Debug|Any CPU.ActiveCfg = Debug|Any CPU
		{947C366F-B27D-40C7-8BF6-EAEC8F155C40}.Debug|Any CPU.Build.0 = Debug|Any CPU
		{947C366F-B27D-40C7-8BF6-EAEC8F155C40}.Release|Any CPU.ActiveCfg = Release|Any CPU
		{947C366F-B27D-40C7-8BF6-EAEC8F155C40}.Release|Any CPU.Build.0 = Release|Any CPU
		{11610CA4-02BF-49AD-9C3D-80DA5F2C39C8}.Debug|Any CPU.ActiveCfg = Debug|Any CPU
		{11610CA4-02BF-49AD-9C3D-80DA5F2C39C8}.Debug|Any CPU.Build.0 = Debug|Any CPU
		{11610CA4-02BF-49AD-9C3D-80DA5F2C39C8}.Release|Any CPU.ActiveCfg = Release|Any CPU
		{11610CA4-02BF-49AD-9C3D-80DA5F2C39C8}.Release|Any CPU.Build.0 = Release|Any CPU
	EndGlobalSection
	GlobalSection(NestedProjects) = preSolution
		{42798D97-6C27-481F-B329-4500DF2EE546} = {CCCD06B6-30A1-4BAD-BB4A-ECD0FCC5254E}
		{A0E3610C-660F-4752-BF3C-0DB25BA7F0E0} = {CCCD06B6-30A1-4BAD-BB4A-ECD0FCC5254E}
		{284FF341-06B8-4ED2-8B70-6DA439CB2C78} = {62AE6C64-2876-4749-AD14-A0434C926516}
		{02817328-A2AB-4414-9D26-DB0504DC82C4} = {553CA0E3-0F3E-4FC4-A373-BF48E0707DB6}
		{947C366F-B27D-40C7-8BF6-EAEC8F155C40} = {62AE6C64-2876-4749-AD14-A0434C926516}
		{11610CA4-02BF-49AD-9C3D-80DA5F2C39C8} = {A99D6AD4-5875-4183-80E2-41853A09C9FF}
	EndGlobalSection
EndGlobal
